
Microsoft Visual Studio Solution File, Format Version 12.00
# Visual Studio 15
VisualStudioVersion = 15.0.28010.2048
MinimumVisualStudioVersion = 10.0.40219.1
Project("{8BC9CEB8-8B4A-11D0-8D11-00A0C91BC942}") = "Aufgaben", "Aufgaben\Aufgaben.vcxproj", "{E93923A0-9F83-4B58-B0A8-4A6B7B1B068F}"
EndProject
Project("{8BC9CEB8-8B4A-11D0-8D11-00A0C91BC942}") = "L3", "L3\L3.vcxproj", "{85FEA8FB-8848-474D-8A8E-1DD2ED153EB7}"
EndProject
Project("{8BC9CEB8-8B4A-11D0-8D11-00A0C91BC942}") = "L4", "L4\L4.vcxproj", "{124DA769-D7EC-4415-AF5E-9FC20FC981CB}"
EndProject
Project("{8BC9CEB8-8B4A-11D0-8D11-00A0C91BC942}") = "L6", "L6\L6.vcxproj", "{696E396F-75EB-4761-94F7-C82D48EC2365}"
EndProject
Project("{8BC9CEB8-8B4A-11D0-8D11-00A0C91BC942}") = "L7", "L7\L7.vcxproj", "{18238681-42CB-41B4-AC0C-3602C501F77D}"
EndProject
Project("{8BC9CEB8-8B4A-11D0-8D11-00A0C91BC942}") = "L5", "L5\L5.vcxproj", "{8CB1538B-29A4-4CC7-8705-5B4B67F7A401}"
EndProject
Project("{8BC9CEB8-8B4A-11D0-8D11-00A0C91BC942}") = "R1", "R1\R1.vcxproj", "{BF5D63E1-57F9-419A-8567-87018F714630}"
EndProject
Project("{8BC9CEB8-8B4A-11D0-8D11-00A0C91BC942}") = "L8", "L8\L8.vcxproj", "{31BAB021-D6C4-498C-954A-990CBD76E73E}"
EndProject
Project("{8BC9CEB8-8B4A-11D0-8D11-00A0C91BC942}") = "A1", "A1\A1.vcxproj", "{367845AC-28C4-4E5F-984C-B4E76C403A93}"
EndProject
Project("{8BC9CEB8-8B4A-11D0-8D11-00A0C91BC942}") = "S1", "S1\S1.vcxproj", "{E1D0D9DD-4E47-4894-A476-CE687C38603F}"
EndProject
Project("{8BC9CEB8-8B4A-11D0-8D11-00A0C91BC942}") = "F1", "F1\F1.vcxproj", "{8AFF67FE-ED19-4756-AA11-8F18AC0BA093}"
EndProject
Project("{2150E333-8FDC-42A3-9474-1A3956D46DE8}") = "E2", "E2", "{833EB56F-E6FB-4A25-8207-5F55E5899F5F}"
EndProject
Project("{2150E333-8FDC-42A3-9474-1A3956D46DE8}") = "E3", "E3", "{F4D758DD-3234-4D57-ABE9-7A1418F12961}"
EndProject
Project("{2150E333-8FDC-42A3-9474-1A3956D46DE8}") = "E4", "E4", "{18F5B0CA-093A-43B3-98BB-44292C955E51}"
EndProject
Project("{2150E333-8FDC-42A3-9474-1A3956D46DE8}") = "E1", "E1", "{D7F37B9B-642A-4710-8B02-0F5343421601}"
EndProject
Project("{2150E333-8FDC-42A3-9474-1A3956D46DE8}") = "E5", "E5", "{4F0112FC-29FC-42FD-A589-2D6066626BCC}"
EndProject
Project("{8BC9CEB8-8B4A-11D0-8D11-00A0C91BC942}") = "F2", "F2\F2.vcxproj", "{220DE49D-DDA5-4614-98DA-F22158F5F053}"
EndProject
Project("{8BC9CEB8-8B4A-11D0-8D11-00A0C91BC942}") = "Test", "Test\Test.vcxproj", "{98FD069F-47F5-4240-9FD0-7D4D39931D93}"
EndProject
Project("{2150E333-8FDC-42A3-9474-1A3956D46DE8}") = "E6", "E6", "{60EE3EAF-B7B4-4FE4-A5B1-9ABF858DEBF0}"
EndProject
Project("{8BC9CEB8-8B4A-11D0-8D11-00A0C91BC942}") = "Y1", "Y1\Y1.vcxproj", "{6060CDD6-5B2A-4D55-BFA0-9ACCC05B1DA6}"
EndProject
Project("{2150E333-8FDC-42A3-9474-1A3956D46DE8}") = "E7", "E7", "{93125BF1-FE56-4D2F-B71B-D5D0E960C8C4}"
EndProject
Project("{8BC9CEB8-8B4A-11D0-8D11-00A0C91BC942}") = "N1", "N1\N1.vcxproj", "{AE10FCD4-9EC1-469B-B6FB-905D21D8951C}"
EndProject
Project("{8BC9CEB8-8B4A-11D0-8D11-00A0C91BC942}") = "N2", "N2\N2.vcxproj", "{1FE2D992-3663-46CF-8969-33AB53E509F2}"
EndProject
Project("{8BC9CEB8-8B4A-11D0-8D11-00A0C91BC942}") = "Ballerburg", "Ballerburg\Ballerburg.vcxproj", "{17DF3AB5-6A21-4220-90AA-AE8EE7F71048}"
EndProject
Project("{8BC9CEB8-8B4A-11D0-8D11-00A0C91BC942}") = "T1", "T1\T1.vcxproj", "{A5CDFDF9-A551-47AD-A2A6-93E119C0DEA4}"
EndProject
Project("{2150E333-8FDC-42A3-9474-1A3956D46DE8}") = "E8", "E8", "{81F376ED-9848-46D7-AB28-C2D339B57241}"
EndProject
Project("{8BC9CEB8-8B4A-11D0-8D11-00A0C91BC942}") = "D1", "D1\D1.vcxproj", "{2504E874-2411-4849-9A43-F4B6B6CAE326}"
EndProject
Project("{2150E333-8FDC-42A3-9474-1A3956D46DE8}") = "E9", "E9", "{5CFD1B1F-680B-440C-974A-EFB1B8F68B94}"
EndProject
Project("{8BC9CEB8-8B4A-11D0-8D11-00A0C91BC942}") = "D2", "D2\D2.vcxproj", "{616037AB-6321-4E92-BCAD-EF4C6345CDA8}"
EndProject
Project("{8BC9CEB8-8B4A-11D0-8D11-00A0C91BC942}") = "I1", "I1\I1.vcxproj", "{D5EE6B8F-65E7-4B06-8BF8-6724297AA277}"
EndProject
Project("{8BC9CEB8-8B4A-11D0-8D11-00A0C91BC942}") = "I2", "I2\I2.vcxproj", "{DCBBA431-2FAC-4A2B-A87F-95BFFE39A7C4}"
EndProject
Global
	GlobalSection(SolutionConfigurationPlatforms) = preSolution
		Debug|x64 = Debug|x64
		Debug|x86 = Debug|x86
		Release|x64 = Release|x64
		Release|x86 = Release|x86
	EndGlobalSection
	GlobalSection(ProjectConfigurationPlatforms) = postSolution
		{E93923A0-9F83-4B58-B0A8-4A6B7B1B068F}.Debug|x64.ActiveCfg = Debug|x64
		{E93923A0-9F83-4B58-B0A8-4A6B7B1B068F}.Debug|x64.Build.0 = Debug|x64
		{E93923A0-9F83-4B58-B0A8-4A6B7B1B068F}.Debug|x86.ActiveCfg = Debug|Win32
		{E93923A0-9F83-4B58-B0A8-4A6B7B1B068F}.Debug|x86.Build.0 = Debug|Win32
		{E93923A0-9F83-4B58-B0A8-4A6B7B1B068F}.Release|x64.ActiveCfg = Release|x64
		{E93923A0-9F83-4B58-B0A8-4A6B7B1B068F}.Release|x64.Build.0 = Release|x64
		{E93923A0-9F83-4B58-B0A8-4A6B7B1B068F}.Release|x86.ActiveCfg = Release|Win32
		{E93923A0-9F83-4B58-B0A8-4A6B7B1B068F}.Release|x86.Build.0 = Release|Win32
		{85FEA8FB-8848-474D-8A8E-1DD2ED153EB7}.Debug|x64.ActiveCfg = Debug|x64
		{85FEA8FB-8848-474D-8A8E-1DD2ED153EB7}.Debug|x64.Build.0 = Debug|x64
		{85FEA8FB-8848-474D-8A8E-1DD2ED153EB7}.Debug|x86.ActiveCfg = Debug|Win32
		{85FEA8FB-8848-474D-8A8E-1DD2ED153EB7}.Debug|x86.Build.0 = Debug|Win32
		{85FEA8FB-8848-474D-8A8E-1DD2ED153EB7}.Release|x64.ActiveCfg = Release|x64
		{85FEA8FB-8848-474D-8A8E-1DD2ED153EB7}.Release|x64.Build.0 = Release|x64
		{85FEA8FB-8848-474D-8A8E-1DD2ED153EB7}.Release|x86.ActiveCfg = Release|Win32
		{85FEA8FB-8848-474D-8A8E-1DD2ED153EB7}.Release|x86.Build.0 = Release|Win32
		{124DA769-D7EC-4415-AF5E-9FC20FC981CB}.Debug|x64.ActiveCfg = Debug|x64
		{124DA769-D7EC-4415-AF5E-9FC20FC981CB}.Debug|x64.Build.0 = Debug|x64
		{124DA769-D7EC-4415-AF5E-9FC20FC981CB}.Debug|x86.ActiveCfg = Debug|Win32
		{124DA769-D7EC-4415-AF5E-9FC20FC981CB}.Debug|x86.Build.0 = Debug|Win32
		{124DA769-D7EC-4415-AF5E-9FC20FC981CB}.Release|x64.ActiveCfg = Release|x64
		{124DA769-D7EC-4415-AF5E-9FC20FC981CB}.Release|x64.Build.0 = Release|x64
		{124DA769-D7EC-4415-AF5E-9FC20FC981CB}.Release|x86.ActiveCfg = Release|Win32
		{124DA769-D7EC-4415-AF5E-9FC20FC981CB}.Release|x86.Build.0 = Release|Win32
		{696E396F-75EB-4761-94F7-C82D48EC2365}.Debug|x64.ActiveCfg = Debug|x64
		{696E396F-75EB-4761-94F7-C82D48EC2365}.Debug|x64.Build.0 = Debug|x64
		{696E396F-75EB-4761-94F7-C82D48EC2365}.Debug|x86.ActiveCfg = Debug|Win32
		{696E396F-75EB-4761-94F7-C82D48EC2365}.Debug|x86.Build.0 = Debug|Win32
		{696E396F-75EB-4761-94F7-C82D48EC2365}.Release|x64.ActiveCfg = Release|x64
		{696E396F-75EB-4761-94F7-C82D48EC2365}.Release|x64.Build.0 = Release|x64
		{696E396F-75EB-4761-94F7-C82D48EC2365}.Release|x86.ActiveCfg = Release|Win32
		{696E396F-75EB-4761-94F7-C82D48EC2365}.Release|x86.Build.0 = Release|Win32
		{18238681-42CB-41B4-AC0C-3602C501F77D}.Debug|x64.ActiveCfg = Debug|x64
		{18238681-42CB-41B4-AC0C-3602C501F77D}.Debug|x64.Build.0 = Debug|x64
		{18238681-42CB-41B4-AC0C-3602C501F77D}.Debug|x86.ActiveCfg = Debug|Win32
		{18238681-42CB-41B4-AC0C-3602C501F77D}.Debug|x86.Build.0 = Debug|Win32
		{18238681-42CB-41B4-AC0C-3602C501F77D}.Release|x64.ActiveCfg = Release|x64
		{18238681-42CB-41B4-AC0C-3602C501F77D}.Release|x64.Build.0 = Release|x64
		{18238681-42CB-41B4-AC0C-3602C501F77D}.Release|x86.ActiveCfg = Release|Win32
		{18238681-42CB-41B4-AC0C-3602C501F77D}.Release|x86.Build.0 = Release|Win32
		{8CB1538B-29A4-4CC7-8705-5B4B67F7A401}.Debug|x64.ActiveCfg = Debug|x64
		{8CB1538B-29A4-4CC7-8705-5B4B67F7A401}.Debug|x64.Build.0 = Debug|x64
		{8CB1538B-29A4-4CC7-8705-5B4B67F7A401}.Debug|x86.ActiveCfg = Debug|Win32
		{8CB1538B-29A4-4CC7-8705-5B4B67F7A401}.Debug|x86.Build.0 = Debug|Win32
		{8CB1538B-29A4-4CC7-8705-5B4B67F7A401}.Release|x64.ActiveCfg = Release|x64
		{8CB1538B-29A4-4CC7-8705-5B4B67F7A401}.Release|x64.Build.0 = Release|x64
		{8CB1538B-29A4-4CC7-8705-5B4B67F7A401}.Release|x86.ActiveCfg = Release|Win32
		{8CB1538B-29A4-4CC7-8705-5B4B67F7A401}.Release|x86.Build.0 = Release|Win32
		{BF5D63E1-57F9-419A-8567-87018F714630}.Debug|x64.ActiveCfg = Debug|x64
		{BF5D63E1-57F9-419A-8567-87018F714630}.Debug|x64.Build.0 = Debug|x64
		{BF5D63E1-57F9-419A-8567-87018F714630}.Debug|x86.ActiveCfg = Debug|Win32
		{BF5D63E1-57F9-419A-8567-87018F714630}.Debug|x86.Build.0 = Debug|Win32
		{BF5D63E1-57F9-419A-8567-87018F714630}.Release|x64.ActiveCfg = Release|x64
		{BF5D63E1-57F9-419A-8567-87018F714630}.Release|x64.Build.0 = Release|x64
		{BF5D63E1-57F9-419A-8567-87018F714630}.Release|x86.ActiveCfg = Release|Win32
		{BF5D63E1-57F9-419A-8567-87018F714630}.Release|x86.Build.0 = Release|Win32
		{31BAB021-D6C4-498C-954A-990CBD76E73E}.Debug|x64.ActiveCfg = Debug|x64
		{31BAB021-D6C4-498C-954A-990CBD76E73E}.Debug|x64.Build.0 = Debug|x64
		{31BAB021-D6C4-498C-954A-990CBD76E73E}.Debug|x86.ActiveCfg = Debug|Win32
		{31BAB021-D6C4-498C-954A-990CBD76E73E}.Debug|x86.Build.0 = Debug|Win32
		{31BAB021-D6C4-498C-954A-990CBD76E73E}.Release|x64.ActiveCfg = Release|x64
		{31BAB021-D6C4-498C-954A-990CBD76E73E}.Release|x64.Build.0 = Release|x64
		{31BAB021-D6C4-498C-954A-990CBD76E73E}.Release|x86.ActiveCfg = Release|Win32
		{31BAB021-D6C4-498C-954A-990CBD76E73E}.Release|x86.Build.0 = Release|Win32
		{367845AC-28C4-4E5F-984C-B4E76C403A93}.Debug|x64.ActiveCfg = Debug|x64
		{367845AC-28C4-4E5F-984C-B4E76C403A93}.Debug|x64.Build.0 = Debug|x64
		{367845AC-28C4-4E5F-984C-B4E76C403A93}.Debug|x86.ActiveCfg = Debug|Win32
		{367845AC-28C4-4E5F-984C-B4E76C403A93}.Debug|x86.Build.0 = Debug|Win32
		{367845AC-28C4-4E5F-984C-B4E76C403A93}.Release|x64.ActiveCfg = Release|x64
		{367845AC-28C4-4E5F-984C-B4E76C403A93}.Release|x64.Build.0 = Release|x64
		{367845AC-28C4-4E5F-984C-B4E76C403A93}.Release|x86.ActiveCfg = Release|Win32
		{367845AC-28C4-4E5F-984C-B4E76C403A93}.Release|x86.Build.0 = Release|Win32
		{E1D0D9DD-4E47-4894-A476-CE687C38603F}.Debug|x64.ActiveCfg = Debug|x64
		{E1D0D9DD-4E47-4894-A476-CE687C38603F}.Debug|x64.Build.0 = Debug|x64
		{E1D0D9DD-4E47-4894-A476-CE687C38603F}.Debug|x86.ActiveCfg = Debug|Win32
		{E1D0D9DD-4E47-4894-A476-CE687C38603F}.Debug|x86.Build.0 = Debug|Win32
		{E1D0D9DD-4E47-4894-A476-CE687C38603F}.Release|x64.ActiveCfg = Release|x64
		{E1D0D9DD-4E47-4894-A476-CE687C38603F}.Release|x64.Build.0 = Release|x64
		{E1D0D9DD-4E47-4894-A476-CE687C38603F}.Release|x86.ActiveCfg = Release|Win32
		{E1D0D9DD-4E47-4894-A476-CE687C38603F}.Release|x86.Build.0 = Release|Win32
		{8AFF67FE-ED19-4756-AA11-8F18AC0BA093}.Debug|x64.ActiveCfg = Debug|x64
		{8AFF67FE-ED19-4756-AA11-8F18AC0BA093}.Debug|x64.Build.0 = Debug|x64
		{8AFF67FE-ED19-4756-AA11-8F18AC0BA093}.Debug|x86.ActiveCfg = Debug|Win32
		{8AFF67FE-ED19-4756-AA11-8F18AC0BA093}.Debug|x86.Build.0 = Debug|Win32
		{8AFF67FE-ED19-4756-AA11-8F18AC0BA093}.Release|x64.ActiveCfg = Release|x64
		{8AFF67FE-ED19-4756-AA11-8F18AC0BA093}.Release|x64.Build.0 = Release|x64
		{8AFF67FE-ED19-4756-AA11-8F18AC0BA093}.Release|x86.ActiveCfg = Release|Win32
		{8AFF67FE-ED19-4756-AA11-8F18AC0BA093}.Release|x86.Build.0 = Release|Win32
		{220DE49D-DDA5-4614-98DA-F22158F5F053}.Debug|x64.ActiveCfg = Debug|x64
		{220DE49D-DDA5-4614-98DA-F22158F5F053}.Debug|x64.Build.0 = Debug|x64
		{220DE49D-DDA5-4614-98DA-F22158F5F053}.Debug|x86.ActiveCfg = Debug|Win32
		{220DE49D-DDA5-4614-98DA-F22158F5F053}.Debug|x86.Build.0 = Debug|Win32
		{220DE49D-DDA5-4614-98DA-F22158F5F053}.Release|x64.ActiveCfg = Release|x64
		{220DE49D-DDA5-4614-98DA-F22158F5F053}.Release|x64.Build.0 = Release|x64
		{220DE49D-DDA5-4614-98DA-F22158F5F053}.Release|x86.ActiveCfg = Release|Win32
		{220DE49D-DDA5-4614-98DA-F22158F5F053}.Release|x86.Build.0 = Release|Win32
		{98FD069F-47F5-4240-9FD0-7D4D39931D93}.Debug|x64.ActiveCfg = Debug|x64
		{98FD069F-47F5-4240-9FD0-7D4D39931D93}.Debug|x64.Build.0 = Debug|x64
		{98FD069F-47F5-4240-9FD0-7D4D39931D93}.Debug|x86.ActiveCfg = Debug|Win32
		{98FD069F-47F5-4240-9FD0-7D4D39931D93}.Debug|x86.Build.0 = Debug|Win32
		{98FD069F-47F5-4240-9FD0-7D4D39931D93}.Release|x64.ActiveCfg = Release|x64
		{98FD069F-47F5-4240-9FD0-7D4D39931D93}.Release|x64.Build.0 = Release|x64
		{98FD069F-47F5-4240-9FD0-7D4D39931D93}.Release|x86.ActiveCfg = Release|Win32
		{98FD069F-47F5-4240-9FD0-7D4D39931D93}.Release|x86.Build.0 = Release|Win32
		{6060CDD6-5B2A-4D55-BFA0-9ACCC05B1DA6}.Debug|x64.ActiveCfg = Debug|x64
		{6060CDD6-5B2A-4D55-BFA0-9ACCC05B1DA6}.Debug|x64.Build.0 = Debug|x64
		{6060CDD6-5B2A-4D55-BFA0-9ACCC05B1DA6}.Debug|x86.ActiveCfg = Debug|Win32
		{6060CDD6-5B2A-4D55-BFA0-9ACCC05B1DA6}.Debug|x86.Build.0 = Debug|Win32
		{6060CDD6-5B2A-4D55-BFA0-9ACCC05B1DA6}.Release|x64.ActiveCfg = Release|x64
		{6060CDD6-5B2A-4D55-BFA0-9ACCC05B1DA6}.Release|x64.Build.0 = Release|x64
		{6060CDD6-5B2A-4D55-BFA0-9ACCC05B1DA6}.Release|x86.ActiveCfg = Release|Win32
		{6060CDD6-5B2A-4D55-BFA0-9ACCC05B1DA6}.Release|x86.Build.0 = Release|Win32
		{AE10FCD4-9EC1-469B-B6FB-905D21D8951C}.Debug|x64.ActiveCfg = Debug|x64
		{AE10FCD4-9EC1-469B-B6FB-905D21D8951C}.Debug|x64.Build.0 = Debug|x64
		{AE10FCD4-9EC1-469B-B6FB-905D21D8951C}.Debug|x86.ActiveCfg = Debug|Win32
		{AE10FCD4-9EC1-469B-B6FB-905D21D8951C}.Debug|x86.Build.0 = Debug|Win32
		{AE10FCD4-9EC1-469B-B6FB-905D21D8951C}.Release|x64.ActiveCfg = Release|x64
		{AE10FCD4-9EC1-469B-B6FB-905D21D8951C}.Release|x64.Build.0 = Release|x64
		{AE10FCD4-9EC1-469B-B6FB-905D21D8951C}.Release|x86.ActiveCfg = Release|Win32
		{AE10FCD4-9EC1-469B-B6FB-905D21D8951C}.Release|x86.Build.0 = Release|Win32
		{1FE2D992-3663-46CF-8969-33AB53E509F2}.Debug|x64.ActiveCfg = Debug|x64
		{1FE2D992-3663-46CF-8969-33AB53E509F2}.Debug|x64.Build.0 = Debug|x64
		{1FE2D992-3663-46CF-8969-33AB53E509F2}.Debug|x86.ActiveCfg = Debug|Win32
		{1FE2D992-3663-46CF-8969-33AB53E509F2}.Debug|x86.Build.0 = Debug|Win32
		{1FE2D992-3663-46CF-8969-33AB53E509F2}.Release|x64.ActiveCfg = Release|x64
		{1FE2D992-3663-46CF-8969-33AB53E509F2}.Release|x64.Build.0 = Release|x64
		{1FE2D992-3663-46CF-8969-33AB53E509F2}.Release|x86.ActiveCfg = Release|Win32
		{1FE2D992-3663-46CF-8969-33AB53E509F2}.Release|x86.Build.0 = Release|Win32
		{17DF3AB5-6A21-4220-90AA-AE8EE7F71048}.Debug|x64.ActiveCfg = Debug|x64
		{17DF3AB5-6A21-4220-90AA-AE8EE7F71048}.Debug|x64.Build.0 = Debug|x64
		{17DF3AB5-6A21-4220-90AA-AE8EE7F71048}.Debug|x86.ActiveCfg = Debug|Win32
		{17DF3AB5-6A21-4220-90AA-AE8EE7F71048}.Debug|x86.Build.0 = Debug|Win32
		{17DF3AB5-6A21-4220-90AA-AE8EE7F71048}.Release|x64.ActiveCfg = Release|x64
		{17DF3AB5-6A21-4220-90AA-AE8EE7F71048}.Release|x64.Build.0 = Release|x64
		{17DF3AB5-6A21-4220-90AA-AE8EE7F71048}.Release|x86.ActiveCfg = Release|Win32
		{17DF3AB5-6A21-4220-90AA-AE8EE7F71048}.Release|x86.Build.0 = Release|Win32
		{A5CDFDF9-A551-47AD-A2A6-93E119C0DEA4}.Debug|x64.ActiveCfg = Debug|x64
		{A5CDFDF9-A551-47AD-A2A6-93E119C0DEA4}.Debug|x64.Build.0 = Debug|x64
		{A5CDFDF9-A551-47AD-A2A6-93E119C0DEA4}.Debug|x86.ActiveCfg = Debug|Win32
		{A5CDFDF9-A551-47AD-A2A6-93E119C0DEA4}.Debug|x86.Build.0 = Debug|Win32
		{A5CDFDF9-A551-47AD-A2A6-93E119C0DEA4}.Release|x64.ActiveCfg = Release|x64
		{A5CDFDF9-A551-47AD-A2A6-93E119C0DEA4}.Release|x64.Build.0 = Release|x64
		{A5CDFDF9-A551-47AD-A2A6-93E119C0DEA4}.Release|x86.ActiveCfg = Release|Win32
		{A5CDFDF9-A551-47AD-A2A6-93E119C0DEA4}.Release|x86.Build.0 = Release|Win32
		{2504E874-2411-4849-9A43-F4B6B6CAE326}.Debug|x64.ActiveCfg = Debug|x64
		{2504E874-2411-4849-9A43-F4B6B6CAE326}.Debug|x64.Build.0 = Debug|x64
		{2504E874-2411-4849-9A43-F4B6B6CAE326}.Debug|x86.ActiveCfg = Debug|Win32
		{2504E874-2411-4849-9A43-F4B6B6CAE326}.Debug|x86.Build.0 = Debug|Win32
		{2504E874-2411-4849-9A43-F4B6B6CAE326}.Release|x64.ActiveCfg = Release|x64
		{2504E874-2411-4849-9A43-F4B6B6CAE326}.Release|x64.Build.0 = Release|x64
		{2504E874-2411-4849-9A43-F4B6B6CAE326}.Release|x86.ActiveCfg = Release|Win32
		{2504E874-2411-4849-9A43-F4B6B6CAE326}.Release|x86.Build.0 = Release|Win32
		{616037AB-6321-4E92-BCAD-EF4C6345CDA8}.Debug|x64.ActiveCfg = Debug|x64
		{616037AB-6321-4E92-BCAD-EF4C6345CDA8}.Debug|x64.Build.0 = Debug|x64
		{616037AB-6321-4E92-BCAD-EF4C6345CDA8}.Debug|x86.ActiveCfg = Debug|Win32
		{616037AB-6321-4E92-BCAD-EF4C6345CDA8}.Debug|x86.Build.0 = Debug|Win32
		{616037AB-6321-4E92-BCAD-EF4C6345CDA8}.Release|x64.ActiveCfg = Release|x64
		{616037AB-6321-4E92-BCAD-EF4C6345CDA8}.Release|x64.Build.0 = Release|x64
		{616037AB-6321-4E92-BCAD-EF4C6345CDA8}.Release|x86.ActiveCfg = Release|Win32
		{616037AB-6321-4E92-BCAD-EF4C6345CDA8}.Release|x86.Build.0 = Release|Win32
		{D5EE6B8F-65E7-4B06-8BF8-6724297AA277}.Debug|x64.ActiveCfg = Debug|x64
		{D5EE6B8F-65E7-4B06-8BF8-6724297AA277}.Debug|x64.Build.0 = Debug|x64
		{D5EE6B8F-65E7-4B06-8BF8-6724297AA277}.Debug|x86.ActiveCfg = Debug|Win32
		{D5EE6B8F-65E7-4B06-8BF8-6724297AA277}.Debug|x86.Build.0 = Debug|Win32
		{D5EE6B8F-65E7-4B06-8BF8-6724297AA277}.Release|x64.ActiveCfg = Release|x64
		{D5EE6B8F-65E7-4B06-8BF8-6724297AA277}.Release|x64.Build.0 = Release|x64
		{D5EE6B8F-65E7-4B06-8BF8-6724297AA277}.Release|x86.ActiveCfg = Release|Win32
		{D5EE6B8F-65E7-4B06-8BF8-6724297AA277}.Release|x86.Build.0 = Release|Win32
		{DCBBA431-2FAC-4A2B-A87F-95BFFE39A7C4}.Debug|x64.ActiveCfg = Debug|x64
		{DCBBA431-2FAC-4A2B-A87F-95BFFE39A7C4}.Debug|x64.Build.0 = Debug|x64
		{DCBBA431-2FAC-4A2B-A87F-95BFFE39A7C4}.Debug|x86.ActiveCfg = Debug|Win32
		{DCBBA431-2FAC-4A2B-A87F-95BFFE39A7C4}.Debug|x86.Build.0 = Debug|Win32
		{DCBBA431-2FAC-4A2B-A87F-95BFFE39A7C4}.Release|x64.ActiveCfg = Release|x64
		{DCBBA431-2FAC-4A2B-A87F-95BFFE39A7C4}.Release|x64.Build.0 = Release|x64
		{DCBBA431-2FAC-4A2B-A87F-95BFFE39A7C4}.Release|x86.ActiveCfg = Release|Win32
		{DCBBA431-2FAC-4A2B-A87F-95BFFE39A7C4}.Release|x86.Build.0 = Release|Win32
	EndGlobalSection
	GlobalSection(SolutionProperties) = preSolution
		HideSolutionNode = FALSE
	EndGlobalSection
	GlobalSection(NestedProjects) = preSolution
		{E93923A0-9F83-4B58-B0A8-4A6B7B1B068F} = {D7F37B9B-642A-4710-8B02-0F5343421601}
		{85FEA8FB-8848-474D-8A8E-1DD2ED153EB7} = {833EB56F-E6FB-4A25-8207-5F55E5899F5F}
		{124DA769-D7EC-4415-AF5E-9FC20FC981CB} = {833EB56F-E6FB-4A25-8207-5F55E5899F5F}
		{696E396F-75EB-4761-94F7-C82D48EC2365} = {F4D758DD-3234-4D57-ABE9-7A1418F12961}
		{18238681-42CB-41B4-AC0C-3602C501F77D} = {F4D758DD-3234-4D57-ABE9-7A1418F12961}
		{8CB1538B-29A4-4CC7-8705-5B4B67F7A401} = {833EB56F-E6FB-4A25-8207-5F55E5899F5F}
		{BF5D63E1-57F9-419A-8567-87018F714630} = {833EB56F-E6FB-4A25-8207-5F55E5899F5F}
		{31BAB021-D6C4-498C-954A-990CBD76E73E} = {F4D758DD-3234-4D57-ABE9-7A1418F12961}
		{367845AC-28C4-4E5F-984C-B4E76C403A93} = {18F5B0CA-093A-43B3-98BB-44292C955E51}
		{E1D0D9DD-4E47-4894-A476-CE687C38603F} = {18F5B0CA-093A-43B3-98BB-44292C955E51}
		{8AFF67FE-ED19-4756-AA11-8F18AC0BA093} = {4F0112FC-29FC-42FD-A589-2D6066626BCC}
		{220DE49D-DDA5-4614-98DA-F22158F5F053} = {4F0112FC-29FC-42FD-A589-2D6066626BCC}
		{6060CDD6-5B2A-4D55-BFA0-9ACCC05B1DA6} = {60EE3EAF-B7B4-4FE4-A5B1-9ABF858DEBF0}
		{AE10FCD4-9EC1-469B-B6FB-905D21D8951C} = {60EE3EAF-B7B4-4FE4-A5B1-9ABF858DEBF0}
		{1FE2D992-3663-46CF-8969-33AB53E509F2} = {93125BF1-FE56-4D2F-B71B-D5D0E960C8C4}
		{A5CDFDF9-A551-47AD-A2A6-93E119C0DEA4} = {93125BF1-FE56-4D2F-B71B-D5D0E960C8C4}
		{2504E874-2411-4849-9A43-F4B6B6CAE326} = {81F376ED-9848-46D7-AB28-C2D339B57241}
		{616037AB-6321-4E92-BCAD-EF4C6345CDA8} = {81F376ED-9848-46D7-AB28-C2D339B57241}
		{D5EE6B8F-65E7-4B06-8BF8-6724297AA277} = {5CFD1B1F-680B-440C-974A-EFB1B8F68B94}
		{DCBBA431-2FAC-4A2B-A87F-95BFFE39A7C4} = {5CFD1B1F-680B-440C-974A-EFB1B8F68B94}
	EndGlobalSection
	GlobalSection(ExtensibilityGlobals) = postSolution
		SolutionGuid = {2882AEF9-00E9-4139-904F-61124CF50BA3}
	EndGlobalSection
EndGlobal
